
Microsoft Visual Studio Solution File, Format Version 12.00
# Visual Studio Version 17
VisualStudioVersion = 17.8.34511.84
MinimumVisualStudioVersion = 10.0.40219.1
Project("{FAE04EC0-301F-11D3-BF4B-00C04F79EFBC}") = "Visualization_I4_test", "Visualization_I4_test.csproj", "{407710D8-A21B-49CE-9606-C9B6D01FF692}"
EndProject
Global
	GlobalSection(SolutionConfigurationPlatforms) = preSolution
		Debug|Any CPU = Debug|Any CPU
		Release|Any CPU = Release|Any CPU
	EndGlobalSection
	GlobalSection(ProjectConfigurationPlatforms) = postSolution
		{407710D8-A21B-49CE-9606-C9B6D01FF692}.Debug|Any CPU.ActiveCfg = Debug|Any CPU
		{407710D8-A21B-49CE-9606-C9B6D01FF692}.Debug|Any CPU.Build.0 = Debug|Any CPU
		{407710D8-A21B-49CE-9606-C9B6D01FF692}.Release|Any CPU.ActiveCfg = Release|Any CPU
		{407710D8-A21B-49CE-9606-C9B6D01FF692}.Release|Any CPU.Build.0 = Release|Any CPU
	EndGlobalSection
	GlobalSection(SolutionProperties) = preSolution
		HideSolutionNode = FALSE
	EndGlobalSection
	GlobalSection(ExtensibilityGlobals) = postSolution
		SolutionGuid = {6170EBD1-B32F-480B-A699-4F72BB940745}
	EndGlobalSection
EndGlobal
